
Microsoft Visual Studio Solution File, Format Version 12.00
# Visual Studio 15
VisualStudioVersion = 15.0.28010.2041
MinimumVisualStudioVersion = 10.0.40219.1
Project("{8BC9CEB8-8B4A-11D0-8D11-00A0C91BC942}") = "WalterSchaltung", "WalterSchaltung\WalterSchaltung.vcxproj", "{CF36D1B6-1DA0-404F-84D3-905DF9224640}"
EndProject
Global
	GlobalSection(SolutionConfigurationPlatforms) = preSolution
		Debug|x64 = Debug|x64
		Debug|x86 = Debug|x86
		Release|x64 = Release|x64
		Release|x86 = Release|x86
	EndGlobalSection
	GlobalSection(ProjectConfigurationPlatforms) = postSolution
		{CF36D1B6-1DA0-404F-84D3-905DF9224640}.Debug|x64.ActiveCfg = Debug|x64
		{CF36D1B6-1DA0-404F-84D3-905DF9224640}.Debug|x64.Build.0 = Debug|x64
		{CF36D1B6-1DA0-404F-84D3-905DF9224640}.Debug|x86.ActiveCfg = Debug|Win32
		{CF36D1B6-1DA0-404F-84D3-905DF9224640}.Debug|x86.Build.0 = Debug|Win32
		{CF36D1B6-1DA0-404F-84D3-905DF9224640}.Release|x64.ActiveCfg = Release|x64
		{CF36D1B6-1DA0-404F-84D3-905DF9224640}.Release|x64.Build.0 = Release|x64
		{CF36D1B6-1DA0-404F-84D3-905DF9224640}.Release|x86.ActiveCfg = Release|Win32
		{CF36D1B6-1DA0-404F-84D3-905DF9224640}.Release|x86.Build.0 = Release|Win32
	EndGlobalSection
	GlobalSection(SolutionProperties) = preSolution
		HideSolutionNode = FALSE
	EndGlobalSection
	GlobalSection(ExtensibilityGlobals) = postSolution
		SolutionGuid = {87C7539A-7585-40E0-8E8E-34575616C48D}
	EndGlobalSection
EndGlobal
